
Microsoft Visual Studio Solution File, Format Version 12.00
# Visual Studio Version 16
VisualStudioVersion = 16.0.31205.134
MinimumVisualStudioVersion = 10.0.40219.1
Project("{FAE04EC0-301F-11D3-BF4B-00C04F79EFBC}") = "RockLib.Logging.Analyzers", "RockLib.Logging.Analyzers\RockLib.Logging.Analyzers.csproj", "{E2B55068-A3EA-42DD-94D9-C5F92E477826}"
EndProject
Project("{FAE04EC0-301F-11D3-BF4B-00C04F79EFBC}") = "RockLib.Logging.Analyzers.CodeFixes", "RockLib.Logging.Analyzers.CodeFixes\RockLib.Logging.Analyzers.CodeFixes.csproj", "{071007EC-CDEB-432E-8BCC-2F87C468C10B}"
EndProject
Project("{FAE04EC0-301F-11D3-BF4B-00C04F79EFBC}") = "RockLib.Logging.Analyzers.Package", "RockLib.Logging.Analyzers.Package\RockLib.Logging.Analyzers.Package.csproj", "{D36E0A2D-1326-4C6C-96E0-CE0870E81ECE}"
EndProject
Project("{FAE04EC0-301F-11D3-BF4B-00C04F79EFBC}") = "RockLib.Logging.Analyzers.Test", "RockLib.Logging.Analyzers.Test\RockLib.Logging.Analyzers.Test.csproj", "{A76A7E7E-D82A-4DE0-88CD-6D5BD58A0EEB}"
EndProject
Project("{FAE04EC0-301F-11D3-BF4B-00C04F79EFBC}") = "RockLib.Logging.Analyzers.Vsix", "RockLib.Logging.Analyzers.Vsix\RockLib.Logging.Analyzers.Vsix.csproj", "{3E16A766-5FA5-4865-8699-9505DEE1C585}"
EndProject
Global
	GlobalSection(SolutionConfigurationPlatforms) = preSolution
		Debug|Any CPU = Debug|Any CPU
		Release|Any CPU = Release|Any CPU
	EndGlobalSection
	GlobalSection(ProjectConfigurationPlatforms) = postSolution
		{E2B55068-A3EA-42DD-94D9-C5F92E477826}.Debug|Any CPU.ActiveCfg = Debug|Any CPU
		{E2B55068-A3EA-42DD-94D9-C5F92E477826}.Debug|Any CPU.Build.0 = Debug|Any CPU
		{E2B55068-A3EA-42DD-94D9-C5F92E477826}.Release|Any CPU.ActiveCfg = Release|Any CPU
		{E2B55068-A3EA-42DD-94D9-C5F92E477826}.Release|Any CPU.Build.0 = Release|Any CPU
		{071007EC-CDEB-432E-8BCC-2F87C468C10B}.Debug|Any CPU.ActiveCfg = Debug|Any CPU
		{071007EC-CDEB-432E-8BCC-2F87C468C10B}.Debug|Any CPU.Build.0 = Debug|Any CPU
		{071007EC-CDEB-432E-8BCC-2F87C468C10B}.Release|Any CPU.ActiveCfg = Release|Any CPU
		{071007EC-CDEB-432E-8BCC-2F87C468C10B}.Release|Any CPU.Build.0 = Release|Any CPU
		{D36E0A2D-1326-4C6C-96E0-CE0870E81ECE}.Debug|Any CPU.ActiveCfg = Debug|Any CPU
		{D36E0A2D-1326-4C6C-96E0-CE0870E81ECE}.Debug|Any CPU.Build.0 = Debug|Any CPU
		{D36E0A2D-1326-4C6C-96E0-CE0870E81ECE}.Release|Any CPU.ActiveCfg = Release|Any CPU
		{D36E0A2D-1326-4C6C-96E0-CE0870E81ECE}.Release|Any CPU.Build.0 = Release|Any CPU
		{A76A7E7E-D82A-4DE0-88CD-6D5BD58A0EEB}.Debug|Any CPU.ActiveCfg = Debug|Any CPU
		{A76A7E7E-D82A-4DE0-88CD-6D5BD58A0EEB}.Debug|Any CPU.Build.0 = Debug|Any CPU
		{A76A7E7E-D82A-4DE0-88CD-6D5BD58A0EEB}.Release|Any CPU.ActiveCfg = Release|Any CPU
		{A76A7E7E-D82A-4DE0-88CD-6D5BD58A0EEB}.Release|Any CPU.Build.0 = Release|Any CPU
		{3E16A766-5FA5-4865-8699-9505DEE1C585}.Debug|Any CPU.ActiveCfg = Debug|Any CPU
		{3E16A766-5FA5-4865-8699-9505DEE1C585}.Debug|Any CPU.Build.0 = Debug|Any CPU
		{3E16A766-5FA5-4865-8699-9505DEE1C585}.Release|Any CPU.ActiveCfg = Release|Any CPU
		{3E16A766-5FA5-4865-8699-9505DEE1C585}.Release|Any CPU.Build.0 = Release|Any CPU
	EndGlobalSection
	GlobalSection(SolutionProperties) = preSolution
		HideSolutionNode = FALSE
	EndGlobalSection
	GlobalSection(ExtensibilityGlobals) = postSolution
		SolutionGuid = {963ADCA3-2DBD-4546-8C56-53D99370CF4B}
	EndGlobalSection
EndGlobal
