
Microsoft Visual Studio Solution File, Format Version 12.00
# Visual Studio Version 17
VisualStudioVersion = 17.0.32126.317
MinimumVisualStudioVersion = 10.0.40219.1
Project("{9A19103F-16F7-4668-BE54-9A1E7A4F7556}") = "RockLib.Logging.AspNetCore.Analyzers", "RockLib.Logging.AspNetCore.Analyzers\RockLib.Logging.AspNetCore.Analyzers.csproj", "{50B8975A-CA4A-47AB-90A9-A3DDD998D9C8}"
EndProject
Project("{9A19103F-16F7-4668-BE54-9A1E7A4F7556}") = "RockLib.Logging.AspNetCore.Analyzers.Test", "RockLib.Logging.AspNetCore.Analyzers.Test\RockLib.Logging.AspNetCore.Analyzers.Test.csproj", "{E7EACD95-C641-46BE-A52A-9B16A4C534C7}"
EndProject
Project("{D954291E-2A0B-460D-934E-DC6B0785DB48}") = "RockLib.Analyzers.Common", "..\Common\RockLib.Analyzers.Common.shproj", "{886A10E9-6C82-4E91-9DA0-14DC9531234F}"
EndProject
Project("{2150E333-8FDC-42A3-9474-1A3956D46DE8}") = "Solution Items", "Solution Items", "{EBEB2CD3-2C9F-4671-85D3-B8A55687B5D3}"
	ProjectSection(SolutionItems) = preProject
		..\.editorconfig = ..\.editorconfig
		appveyor.yml = appveyor.yml
		CHANGELOG.md = CHANGELOG.md
		..\README.md = ..\README.md
		..\Rules\RockLib0004.md = ..\Rules\RockLib0004.md
	EndProjectSection
EndProject
Project("{FAE04EC0-301F-11D3-BF4B-00C04F79EFBC}") = "RockLib.Logging.AspNetCore.Analyzers.Scenarios", "RockLib.Logging.AspNetCore.Analyzers.Scenarios\RockLib.Logging.AspNetCore.Analyzers.Scenarios.csproj", "{160480CE-17CC-4122-A9BD-7A4EADC817C3}"
EndProject
Global
	GlobalSection(SharedMSBuildProjectFiles) = preSolution
		..\Common\RockLib.Analyzers.Common.projitems*{50b8975a-ca4a-47ab-90a9-a3ddd998d9c8}*SharedItemsImports = 5
		..\Common\RockLib.Analyzers.Common.projitems*{886a10e9-6c82-4e91-9da0-14dc9531234f}*SharedItemsImports = 13
	EndGlobalSection
	GlobalSection(SolutionConfigurationPlatforms) = preSolution
		Debug|Any CPU = Debug|Any CPU
		Release|Any CPU = Release|Any CPU
	EndGlobalSection
	GlobalSection(ProjectConfigurationPlatforms) = postSolution
		{50B8975A-CA4A-47AB-90A9-A3DDD998D9C8}.Debug|Any CPU.ActiveCfg = Debug|Any CPU
		{50B8975A-CA4A-47AB-90A9-A3DDD998D9C8}.Debug|Any CPU.Build.0 = Debug|Any CPU
		{50B8975A-CA4A-47AB-90A9-A3DDD998D9C8}.Release|Any CPU.ActiveCfg = Release|Any CPU
		{50B8975A-CA4A-47AB-90A9-A3DDD998D9C8}.Release|Any CPU.Build.0 = Release|Any CPU
		{E7EACD95-C641-46BE-A52A-9B16A4C534C7}.Debug|Any CPU.ActiveCfg = Debug|Any CPU
		{E7EACD95-C641-46BE-A52A-9B16A4C534C7}.Debug|Any CPU.Build.0 = Debug|Any CPU
		{E7EACD95-C641-46BE-A52A-9B16A4C534C7}.Release|Any CPU.ActiveCfg = Release|Any CPU
		{E7EACD95-C641-46BE-A52A-9B16A4C534C7}.Release|Any CPU.Build.0 = Release|Any CPU
		{160480CE-17CC-4122-A9BD-7A4EADC817C3}.Debug|Any CPU.ActiveCfg = Debug|Any CPU
		{160480CE-17CC-4122-A9BD-7A4EADC817C3}.Debug|Any CPU.Build.0 = Debug|Any CPU
		{160480CE-17CC-4122-A9BD-7A4EADC817C3}.Release|Any CPU.ActiveCfg = Release|Any CPU
		{160480CE-17CC-4122-A9BD-7A4EADC817C3}.Release|Any CPU.Build.0 = Release|Any CPU
	EndGlobalSection
	GlobalSection(SolutionProperties) = preSolution
		HideSolutionNode = FALSE
	EndGlobalSection
	GlobalSection(ExtensibilityGlobals) = postSolution
		SolutionGuid = {B3D664D5-D58E-456B-9B1F-30C22FCEF5AD}
	EndGlobalSection
EndGlobal
